
Microsoft Visual Studio Solution File, Format Version 12.00
# Visual Studio Version 17
VisualStudioVersion = 17.4.33205.214
MinimumVisualStudioVersion = 10.0.40219.1
Project("{8BC9CEB8-8B4A-11D0-8D11-00A0C91BC942}") = "OpenGl_DungeonGame", "OpenGl_DungeonGame.vcxproj", "{98E92181-2B6A-41C1-AD1D-63292051191C}"
EndProject
Global
	GlobalSection(SolutionConfigurationPlatforms) = preSolution
		Debug|x64 = Debug|x64
		Debug|x86 = Debug|x86
		Release|x64 = Release|x64
		Release|x86 = Release|x86
	EndGlobalSection
	GlobalSection(ProjectConfigurationPlatforms) = postSolution
		{98E92181-2B6A-41C1-AD1D-63292051191C}.Debug|x64.ActiveCfg = Debug|x64
		{98E92181-2B6A-41C1-AD1D-63292051191C}.Debug|x64.Build.0 = Debug|x64
		{98E92181-2B6A-41C1-AD1D-63292051191C}.Debug|x86.ActiveCfg = Debug|Win32
		{98E92181-2B6A-41C1-AD1D-63292051191C}.Debug|x86.Build.0 = Debug|Win32
		{98E92181-2B6A-41C1-AD1D-63292051191C}.Release|x64.ActiveCfg = Release|x64
		{98E92181-2B6A-41C1-AD1D-63292051191C}.Release|x64.Build.0 = Release|x64
		{98E92181-2B6A-41C1-AD1D-63292051191C}.Release|x86.ActiveCfg = Release|Win32
		{98E92181-2B6A-41C1-AD1D-63292051191C}.Release|x86.Build.0 = Release|Win32
	EndGlobalSection
	GlobalSection(SolutionProperties) = preSolution
		HideSolutionNode = FALSE
	EndGlobalSection
	GlobalSection(ExtensibilityGlobals) = postSolution
		SolutionGuid = {AD24237C-C11C-4726-8BFF-C929E541F8DB}
	EndGlobalSection
EndGlobal
